PODS:
  - Alamofire (5.0.0-rc.2)
  - AlamofireObjectMapper (6.2.0):
    - Alamofire (= 5.0.0-rc.2)
    - ObjectMapper (~> 3.5.1)
  - Kingfisher (5.9.0):
    - Kingfisher/Core (= 5.9.0)
  - Kingfisher/Core (5.9.0)
  - ObjectMapper (3.5.3)

DEPENDENCIES:
  - Alamofire (= 5.0.0-rc.2)
  - AlamofireObjectMapper (= 6.2.0)
  - Kingfisher (~> 5.9.0)
  - ObjectMapper

SPEC REPOS:
  trunk:
    - Alamofire
    - AlamofireObjectMapper
    - Kingfisher
    - ObjectMapper

SPEC CHECKSUMS:
  Alamofire: f9450d3c7f6bea2ad62e7a541c3e9b186c7991d6
  AlamofireObjectMapper: 74d1440c92c42bbcc2b5f4dc81654ac095ec669f
  Kingfisher: ff98240aebb7302bdc4f1ecd701761030ce18b16
  ObjectMapper: 97111c97e054a6ee25917662106689f0b4127b37

PODFILE CHECKSUM: 4c93461b7f8f71ca72d4c56a2732c3062c4c7dca

COCOAPODS: 1.11.2
